{
  "name": "a-data-websocket",
  "version": "1.0.0",
  "lockfileVersion": 1,
  "requires": true,
  "dependencies": {
    "websocket": {
      "version": "1.0.22",
      "resolved": "https://registry.npmjs.org/websocket/-/websocket-1.0.22.tgz",
      "integrity": "sha1-jDPjRJ+Hmq9RgpfJdEzr+BK549g=",
      "requires": {
        "debug": "~2.2.0",
        "nan": "~2.0.5",
        "typedarray-to-buffer": "~3.0.3",
        "yaeti": "~0.0.4"
      },
      "dependencies": {
        "debug": {
          "version": "2.2.0",
          "resolved": "https://registry.npmjs.org/debug/-/debug-2.2.0.tgz",
          "integrity": "sha1-+HBX6ZWxofauaklgZkE3vFbwOdo=",
          "requires": {
            "ms": "0.7.1"
          },
          "dependencies": {
            "ms": {
              "version": "0.7.1",
              "resolved": "https://registry.npmjs.org/ms/-/ms-0.7.1.tgz",
              "integrity": "sha1-nNE8A62/8ltl7/3nzoZO6VIBcJg="
            }
          }
        },
        "nan": {
          "version": "2.0.9",
          "resolved": "https://registry.npmjs.org/nan/-/nan-2.0.9.tgz",
          "integrity": "sha1-0Cp3D0Z3iELM65ThfKsx/8cjSgU="
        },
        "typedarray-to-buffer": {
          "version": "3.0.4",
          "resolved": "https://registry.npmjs.org/typedarray-to-buffer/-/typedarray-to-buffer-3.0.4.tgz",
          "integrity": "sha1-VfrXRa0dUwfx8VUbELYKWixfesU=",
          "requires": {
            "is-typedarray": "^1.0.0"
          },
          "dependencies": {
            "is-typedarray": {
              "version": "1.0.0",
              "resolved": "https://registry.npmjs.org/is-typedarray/-/is-typedarray-1.0.0.tgz",
              "integrity": "sha1-5HnICFjfDBsR3dppQPlgEfzaSpo="
            }
          }
        },
        "yaeti": {
          "version": "0.0.4",
          "resolved": "https://registry.npmjs.org/yaeti/-/yaeti-0.0.4.tgz",
          "integrity": "sha1-if5znEWsRJECiXMZMmKoN2k6ZrY="
        }
      }
    }
  }
}
